github.com/cheekybits/genny v1.0.0 h1:uGGa4nei+j20rOSeDeP5Of12XVm7TGUd4dJA9RDitfE=
github.com/cheekybits/genny v1.0.0/go.mod h1:+tQajlRqAUrPI7DOSpB0XAqZYtQakVtB7wXkRAgjxjQ=
github.com/liuaiyuan/go-tools v0.0.0-20210317023015-8c6be59c1e3e h1:86xcUwgf0jTBtbAMGcbLQS3haOjEXRbNHkHrDvlppe0=
github.com/liuaiyuan/go-tools v0.0.0-20210317023015-8c6be59c1e3e/go.mod h1:frWVn4rv9ev32HlpKlUTFFm23LNtRwQ6GK4Q4rWwwCU=
